// !$*UTF8*$!
{
	archiveVersion = 1;
	classes = {
	};
	objectVersion = 50;
	objects = {

/* Begin PBXBuildFile section */
		A42E5B9D23B2E5D3002F58C0 /* AppDelegate.swift in Sources */ = {isa = PBXBuildFile; fileRef = A42E5B9C23B2E5D3002F58C0 /* AppDelegate.swift */; };
		A42E5B9F23B2E5D3002F58C0 /* SceneDelegate.swift in Sources */ = {isa = PBXBuildFile; fileRef = A42E5B9E23B2E5D3002F58C0 /* SceneDelegate.swift */; };
		A42E5BA123B2E5D3002F58C0 /* ViewController.swift in Sources */ = {isa = PBXBuildFile; fileRef = A42E5BA023B2E5D3002F58C0 /* ViewController.swift */; };
		A42E5BA423B2E5D4002F58C0 /* Main.storyboard in Resources */ = {isa = PBXBuildFile; fileRef = A42E5BA223B2E5D4002F58C0 /* Main.storyboard */; };
		A42E5BA623B2E5D8002F58C0 /* Assets.xcassets in Resources */ = {isa = PBXBuildFile; fileRef = A42E5BA523B2E5D8002F58C0 /* Assets.xcassets */; };
		A42E5BA923B2E5D8002F58C0 /* LaunchScreen.storyboard in Resources */ = {isa = PBXBuildFile; fileRef = A42E5BA723B2E5D8002F58C0 /* LaunchScreen.storyboard */; };
		A42E5BB423B2E945002F58C0 /* Draw3DModelViewController.swift in Sources */ = {isa = PBXBuildFile; fileRef = A42E5BB323B2E945002F58C0 /* Draw3DModelViewController.swift */; };
		A42E5BB623B2EAA2002F58C0 /* Draw3DModelViewController.storyboard in Resources */ = {isa = PBXBuildFile; fileRef = A42E5BB523B2EAA2002F58C0 /* Draw3DModelViewController.storyboard */; };
		A42E5BC923B2F2E0002F58C0 /* Santa Claus in Resources */ = {isa = PBXBuildFile; fileRef = A42E5BC823B2F2E0002F58C0 /* Santa Claus */; };
		A42E5BCC23B2FE25002F58C0 /* MeasureViewController.swift in Sources */ = {isa = PBXBuildFile; fileRef = A42E5BCB23B2FE25002F58C0 /* MeasureViewController.swift */; };
		A42E5BCE23B2FE3E002F58C0 /* MeasureViewController.storyboard in Resources */ = {isa = PBXBuildFile; fileRef = A42E5BCD23B2FE3E002F58C0 /* MeasureViewController.storyboard */; };
		A42E5BD123B3006D002F58C0 /* BaseARViewController.swift in Sources */ = {isa = PBXBuildFile; fileRef = A42E5BD023B3006D002F58C0 /* BaseARViewController.swift */; };
		A42E5BD423B30365002F58C0 /* RoundedButton.swift in Sources */ = {isa = PBXBuildFile; fileRef = A42E5BD323B30365002F58C0 /* RoundedButton.swift */; };
		A42E5BD623B31D9E002F58C0 /* SCNNode+Extension.swift in Sources */ = {isa = PBXBuildFile; fileRef = A42E5BD523B31D9E002F58C0 /* SCNNode+Extension.swift */; };
/* End PBXBuildFile section */

/* Begin PBXFileReference section */
		A42E5B9923B2E5D3002F58C0 /* ARKitSample.app */ = {isa = PBXFileReference; explicitFileType = wrapper.application; includeInIndex = 0; path = ARKitSample.app; sourceTree = BUILT_PRODUCTS_DIR; };
		A42E5B9C23B2E5D3002F58C0 /* AppDelegate.swift */ = {isa = PBXFileReference; lastKnownFileType = sourcecode.swift; path = AppDelegate.swift; sourceTree = "<group>"; };
		A42E5B9E23B2E5D3002F58C0 /* SceneDelegate.swift */ = {isa = PBXFileReference; lastKnownFileType = sourcecode.swift; path = SceneDelegate.swift; sourceTree = "<group>"; };
		A42E5BA023B2E5D3002F58C0 /* ViewController.swift */ = {isa = PBXFileReference; lastKnownFileType = sourcecode.swift; path = ViewController.swift; sourceTree = "<group>"; };
		A42E5BA323B2E5D4002F58C0 /* Base */ = {isa = PBXFileReference; lastKnownFileType = file.storyboard; name = Base; path = Base.lproj/Main.storyboard; sourceTree = "<group>"; };
		A42E5BA523B2E5D8002F58C0 /* Assets.xcassets */ = {isa = PBXFileReference; lastKnownFileType = folder.assetcatalog; path = Assets.xcassets; sourceTree = "<group>"; };
		A42E5BA823B2E5D8002F58C0 /* Base */ = {isa = PBXFileReference; lastKnownFileType = file.storyboard; name = Base; path = Base.lproj/LaunchScreen.storyboard; sourceTree = "<group>"; };
		A42E5BAA23B2E5D8002F58C0 /* Info.plist */ = {isa = PBXFileReference; lastKnownFileType = text.plist.xml; path = Info.plist; sourceTree = "<group>"; };
		A42E5BB323B2E945002F58C0 /* Draw3DModelViewController.swift */ = {isa = PBXFileReference; lastKnownFileType = sourcecode.swift; path = Draw3DModelViewController.swift; sourceTree = "<group>"; };
		A42E5BB523B2EAA2002F58C0 /* Draw3DModelViewController.storyboard */ = {isa = PBXFileReference; lastKnownFileType = file.storyboard; path = Draw3DModelViewController.storyboard; sourceTree = "<group>"; };
		A42E5BC823B2F2E0002F58C0 /* Santa Claus */ = {isa = PBXFileReference; lastKnownFileType = folder; path = "Santa Claus"; sourceTree = "<group>"; };
		A42E5BCB23B2FE25002F58C0 /* MeasureViewController.swift */ = {isa = PBXFileReference; lastKnownFileType = sourcecode.swift; path = MeasureViewController.swift; sourceTree = "<group>"; };
		A42E5BCD23B2FE3E002F58C0 /* MeasureViewController.storyboard */ = {isa = PBXFileReference; lastKnownFileType = file.storyboard; path = MeasureViewController.storyboard; sourceTree = "<group>"; };
		A42E5BD023B3006D002F58C0 /* BaseARViewController.swift */ = {isa = PBXFileReference; lastKnownFileType = sourcecode.swift; path = BaseARViewController.swift; sourceTree = "<group>"; };
		A42E5BD323B30365002F58C0 /* RoundedButton.swift */ = {isa = PBXFileReference; fileEncoding = 4; lastKnownFileType = sourcecode.swift; path = RoundedButton.swift; sourceTree = "<group>"; };
		A42E5BD523B31D9E002F58C0 /* SCNNode+Extension.swift */ = {isa = PBXFileReference; lastKnownFileType = sourcecode.swift; path = "SCNNode+Extension.swift"; sourceTree = "<group>"; };
/* End PBXFileReference section */

/* Begin PBXFrameworksBuildPhase section */
		A42E5B9623B2E5D3002F58C0 /* Frameworks */ = {
			isa = PBXFrameworksBuildPhase;
			buildActionMask = 2147483647;
			files = (
			);
			runOnlyForDeploymentPostprocessing = 0;
		};
/* End PBXFrameworksBuildPhase section */

/* Begin PBXGroup section */
		A42E5B9023B2E5D3002F58C0 = {
			isa = PBXGroup;
			children = (
				A42E5B9B23B2E5D3002F58C0 /* ARKitSample */,
				A42E5B9A23B2E5D3002F58C0 /* Products */,
			);
			sourceTree = "<group>";
		};
		A42E5B9A23B2E5D3002F58C0 /* Products */ = {
			isa = PBXGroup;
			children = (
				A42E5B9923B2E5D3002F58C0 /* ARKitSample.app */,
			);
			name = Products;
			sourceTree = "<group>";
		};
		A42E5B9B23B2E5D3002F58C0 /* ARKitSample */ = {
			isa = PBXGroup;
			children = (
				A42E5B9C23B2E5D3002F58C0 /* AppDelegate.swift */,
				A42E5B9E23B2E5D3002F58C0 /* SceneDelegate.swift */,
				A42E5BB023B2E6A8002F58C0 /* Views */,
				A42E5BB723B2F267002F58C0 /* Resource */,
				A42E5BA523B2E5D8002F58C0 /* Assets.xcassets */,
				A42E5BA723B2E5D8002F58C0 /* LaunchScreen.storyboard */,
				A42E5BAA23B2E5D8002F58C0 /* Info.plist */,
			);
			path = ARKitSample;
			sourceTree = "<group>";
		};
		A42E5BB023B2E6A8002F58C0 /* Views */ = {
			isa = PBXGroup;
			children = (
				A42E5BCF23B30060002F58C0 /* Base */,
				A42E5BB123B2E6AF002F58C0 /* Main */,
				A42E5BB223B2E6B6002F58C0 /* Draw3DModel */,
				A42E5BCA23B2FE16002F58C0 /* Measure */,
				A42E5BD223B3032E002F58C0 /* Common */,
			);
			path = Views;
			sourceTree = "<group>";
		};
		A42E5BB123B2E6AF002F58C0 /* Main */ = {
			isa = PBXGroup;
			children = (
				A42E5BA023B2E5D3002F58C0 /* ViewController.swift */,
				A42E5BA223B2E5D4002F58C0 /* Main.storyboard */,
			);
			path = Main;
			sourceTree = "<group>";
		};
		A42E5BB223B2E6B6002F58C0 /* Draw3DModel */ = {
			isa = PBXGroup;
			children = (
				A42E5BB323B2E945002F58C0 /* Draw3DModelViewController.swift */,
				A42E5BB523B2EAA2002F58C0 /* Draw3DModelViewController.storyboard */,
			);
			path = Draw3DModel;
			sourceTree = "<group>";
		};
		A42E5BB723B2F267002F58C0 /* Resource */ = {
			isa = PBXGroup;
			children = (
				A42E5BC823B2F2E0002F58C0 /* Santa Claus */,
			);
			path = Resource;
			sourceTree = "<group>";
		};
		A42E5BCA23B2FE16002F58C0 /* Measure */ = {
			isa = PBXGroup;
			children = (
				A42E5BCB23B2FE25002F58C0 /* MeasureViewController.swift */,
				A42E5BCD23B2FE3E002F58C0 /* MeasureViewController.storyboard */,
			);
			path = Measure;
			sourceTree = "<group>";
		};
		A42E5BCF23B30060002F58C0 /* Base */ = {
			isa = PBXGroup;
			children = (
				A42E5BD023B3006D002F58C0 /* BaseARViewController.swift */,
			);
			path = Base;
			sourceTree = "<group>";
		};
		A42E5BD223B3032E002F58C0 /* Common */ = {
			isa = PBXGroup;
			children = (
				A42E5BD523B31D9E002F58C0 /* SCNNode+Extension.swift */,
				A42E5BD323B30365002F58C0 /* RoundedButton.swift */,
			);
			path = Common;
			sourceTree = "<group>";
		};
/* End PBXGroup section */

/* Begin PBXNativeTarget section */
		A42E5B9823B2E5D3002F58C0 /* ARKitSample */ = {
			isa = PBXNativeTarget;
			buildConfigurationList = A42E5BAD23B2E5D8002F58C0 /* Build configuration list for PBXNativeTarget "ARKitSample" */;
			buildPhases = (
				A42E5B9523B2E5D3002F58C0 /* Sources */,
				A42E5B9623B2E5D3002F58C0 /* Frameworks */,
				A42E5B9723B2E5D3002F58C0 /* Resources */,
			);
			buildRules = (
			);
			dependencies = (
			);
			name = ARKitSample;
			productName = ARKitSample;
			productReference = A42E5B9923B2E5D3002F58C0 /* ARKitSample.app */;
			productType = "com.apple.product-type.application";
		};
/* End PBXNativeTarget section */

/* Begin PBXProject section */
		A42E5B9123B2E5D3002F58C0 /* Project object */ = {
			isa = PBXProject;
			attributes = {
				LastSwiftUpdateCheck = 1130;
				LastUpgradeCheck = 1130;
				ORGANIZATIONNAME = "Shunya Yamada";
				TargetAttributes = {
					A42E5B9823B2E5D3002F58C0 = {
						CreatedOnToolsVersion = 11.3;
					};
				};
			};
			buildConfigurationList = A42E5B9423B2E5D3002F58C0 /* Build configuration list for PBXProject "ARKitSample" */;
			compatibilityVersion = "Xcode 9.3";
			developmentRegion = en;
			hasScannedForEncodings = 0;
			knownRegions = (
				en,
				Base,
			);
			mainGroup = A42E5B9023B2E5D3002F58C0;
			productRefGroup = A42E5B9A23B2E5D3002F58C0 /* Products */;
			projectDirPath = "";
			projectRoot = "";
			targets = (
				A42E5B9823B2E5D3002F58C0 /* ARKitSample */,
			);
		};
/* End PBXProject section */

/* Begin PBXResourcesBuildPhase section */
		A42E5B9723B2E5D3002F58C0 /* Resources */ = {
			isa = PBXResourcesBuildPhase;
			buildActionMask = 2147483647;
			files = (
				A42E5BCE23B2FE3E002F58C0 /* MeasureViewController.storyboard in Resources */,
				A42E5BB623B2EAA2002F58C0 /* Draw3DModelViewController.storyboard in Resources */,
				A42E5BA923B2E5D8002F58C0 /* LaunchScreen.storyboard in Resources */,
				A42E5BA623B2E5D8002F58C0 /* Assets.xcassets in Resources */,
				A42E5BC923B2F2E0002F58C0 /* Santa Claus in Resources */,
				A42E5BA423B2E5D4002F58C0 /* Main.storyboard in Resources */,
			);
			runOnlyForDeploymentPostprocessing = 0;
		};
/* End PBXResourcesBuildPhase section */

/* Begin PBXSourcesBuildPhase section */
		A42E5B9523B2E5D3002F58C0 /* Sources */ = {
			isa = PBXSourcesBuildPhase;
			buildActionMask = 2147483647;
			files = (
				A42E5BA123B2E5D3002F58C0 /* ViewController.swift in Sources */,
				A42E5B9D23B2E5D3002F58C0 /* AppDelegate.swift in Sources */,
				A42E5B9F23B2E5D3002F58C0 /* SceneDelegate.swift in Sources */,
				A42E5BCC23B2FE25002F58C0 /* MeasureViewController.swift in Sources */,
				A42E5BD623B31D9E002F58C0 /* SCNNode+Extension.swift in Sources */,
				A42E5BD423B30365002F58C0 /* RoundedButton.swift in Sources */,
				A42E5BD123B3006D002F58C0 /* BaseARViewController.swift in Sources */,
				A42E5BB423B2E945002F58C0 /* Draw3DModelViewController.swift in Sources */,
			);
			runOnlyForDeploymentPostprocessing = 0;
		};
/* End PBXSourcesBuildPhase section */

/* Begin PBXVariantGroup section */
		A42E5BA223B2E5D4002F58C0 /* Main.storyboard */ = {
			isa = PBXVariantGroup;
			children = (
				A42E5BA323B2E5D4002F58C0 /* Base */,
			);
			name = Main.storyboard;
			sourceTree = "<group>";
		};
		A42E5BA723B2E5D8002F58C0 /* LaunchScreen.storyboard */ = {
			isa = PBXVariantGroup;
			children = (
				A42E5BA823B2E5D8002F58C0 /* Base */,
			);
			name = LaunchScreen.storyboard;
			sourceTree = "<group>";
		};
/* End PBXVariantGroup section */

/* Begin XCBuildConfiguration section */
		A42E5BAB23B2E5D8002F58C0 /* Debug */ = {
			isa = XCBuildConfiguration;
			buildSettings = {
				ALWAYS_SEARCH_USER_PATHS = NO;
				CLANG_ANALYZER_NONNULL = YES;
				CLANG_ANALYZER_NUMBER_OBJECT_CONVERSION = YES_AGGRESSIVE;
				CLANG_CXX_LANGUAGE_STANDARD = "gnu++14";
				CLANG_CXX_LIBRARY = "libc++";
				CLANG_ENABLE_MODULES = YES;
				CLANG_ENABLE_OBJC_ARC = YES;
				CLANG_ENABLE_OBJC_WEAK = YES;
				CLANG_WARN_BLOCK_CAPTURE_AUTORELEASING = YES;
				CLANG_WARN_BOOL_CONVERSION = YES;
				CLANG_WARN_COMMA = YES;
				CLANG_WARN_CONSTANT_CONVERSION = YES;
				CLANG_WARN_DEPRECATED_OBJC_IMPLEMENTATIONS = YES;
				CLANG_WARN_DIRECT_OBJC_ISA_USAGE = YES_ERROR;
				CLANG_WARN_DOCUMENTATION_COMMENTS = YES;
				CLANG_WARN_EMPTY_BODY = YES;
				CLANG_WARN_ENUM_CONVERSION = YES;
				CLANG_WARN_INFINITE_RECURSION = YES;
				CLANG_WARN_INT_CONVERSION = YES;
				CLANG_WARN_NON_LITERAL_NULL_CONVERSION = YES;
				CLANG_WARN_OBJC_IMPLICIT_RETAIN_SELF = YES;
				CLANG_WARN_OBJC_LITERAL_CONVERSION = YES;
				CLANG_WARN_OBJC_ROOT_CLASS = YES_ERROR;
				CLANG_WARN_RANGE_LOOP_ANALYSIS = YES;
				CLANG_WARN_STRICT_PROTOTYPES = YES;
				CLANG_WARN_SUSPICIOUS_MOVE = YES;
				CLANG_WARN_UNGUARDED_AVAILABILITY = YES_AGGRESSIVE;
				CLANG_WARN_UNREACHABLE_CODE = YES;
				CLANG_WARN__DUPLICATE_METHOD_MATCH = YES;
				COPY_PHASE_STRIP = NO;
				DEBUG_INFORMATION_FORMAT = dwarf;
				ENABLE_STRICT_OBJC_MSGSEND = YES;
				ENABLE_TESTABILITY = YES;
				GCC_C_LANGUAGE_STANDARD = gnu11;
				GCC_DYNAMIC_NO_PIC = NO;
				GCC_NO_COMMON_BLOCKS = YES;
				GCC_OPTIMIZATION_LEVEL = 0;
				GCC_PREPROCESSOR_DEFINITIONS = (
					"DEBUG=1",
					"$(inherited)",
				);
				GCC_WARN_64_TO_32_BIT_CONVERSION = YES;
				GCC_WARN_ABOUT_RETURN_TYPE = YES_ERROR;
				GCC_WARN_UNDECLARED_SELECTOR = YES;
				GCC_WARN_UNINITIALIZED_AUTOS = YES_AGGRESSIVE;
				GCC_WARN_UNUSED_FUNCTION = YES;
				GCC_WARN_UNUSED_VARIABLE = YES;
				IPHONEOS_DEPLOYMENT_TARGET = 13.2;
				MTL_ENABLE_DEBUG_INFO = INCLUDE_SOURCE;
				MTL_FAST_MATH = YES;
				ONLY_ACTIVE_ARCH = YES;
				SDKROOT = iphoneos;
				SWIFT_ACTIVE_COMPILATION_CONDITIONS = DEBUG;
				SWIFT_OPTIMIZATION_LEVEL = "-Onone";
			};
			name = Debug;
		};
		A42E5BAC23B2E5D8002F58C0 /* Release */ = {
			isa = XCBuildConfiguration;
			buildSettings = {
				ALWAYS_SEARCH_USER_PATHS = NO;
				CLANG_ANALYZER_NONNULL = YES;
				CLANG_ANALYZER_NUMBER_OBJECT_CONVERSION = YES_AGGRESSIVE;
				CLANG_CXX_LANGUAGE_STANDARD = "gnu++14";
				CLANG_CXX_LIBRARY = "libc++";
				CLANG_ENABLE_MODULES = YES;
				CLANG_ENABLE_OBJC_ARC = YES;
				CLANG_ENABLE_OBJC_WEAK = YES;
				CLANG_WARN_BLOCK_CAPTURE_AUTORELEASING = YES;
				CLANG_WARN_BOOL_CONVERSION = YES;
				CLANG_WARN_COMMA = YES;
				CLANG_WARN_CONSTANT_CONVERSION = YES;
				CLANG_WARN_DEPRECATED_OBJC_IMPLEMENTATIONS = YES;
				CLANG_WARN_DIRECT_OBJC_ISA_USAGE = YES_ERROR;
				CLANG_WARN_DOCUMENTATION_COMMENTS = YES;
				CLANG_WARN_EMPTY_BODY = YES;
				CLANG_WARN_ENUM_CONVERSION = YES;
				CLANG_WARN_INFINITE_RECURSION = YES;
				CLANG_WARN_INT_CONVERSION = YES;
				CLANG_WARN_NON_LITERAL_NULL_CONVERSION = YES;
				CLANG_WARN_OBJC_IMPLICIT_RETAIN_SELF = YES;
				CLANG_WARN_OBJC_LITERAL_CONVERSION = YES;
				CLANG_WARN_OBJC_ROOT_CLASS = YES_ERROR;
				CLANG_WARN_RANGE_LOOP_ANALYSIS = YES;
				CLANG_WARN_STRICT_PROTOTYPES = YES;
				CLANG_WARN_SUSPICIOUS_MOVE = YES;
				CLANG_WARN_UNGUARDED_AVAILABILITY = YES_AGGRESSIVE;
				CLANG_WARN_UNREACHABLE_CODE = YES;
				CLANG_WARN__DUPLICATE_METHOD_MATCH = YES;
				COPY_PHASE_STRIP = NO;
				DEBUG_INFORMATION_FORMAT = "dwarf-with-dsym";
				ENABLE_NS_ASSERTIONS = NO;
				ENABLE_STRICT_OBJC_MSGSEND = YES;
				GCC_C_LANGUAGE_STANDARD = gnu11;
				GCC_NO_COMMON_BLOCKS = YES;
				GCC_WARN_64_TO_32_BIT_CONVERSION = YES;
				GCC_WARN_ABOUT_RETURN_TYPE = YES_ERROR;
				GCC_WARN_UNDECLARED_SELECTOR = YES;
				GCC_WARN_UNINITIALIZED_AUTOS = YES_AGGRESSIVE;
				GCC_WARN_UNUSED_FUNCTION = YES;
				GCC_WARN_UNUSED_VARIABLE = YES;
				IPHONEOS_DEPLOYMENT_TARGET = 13.2;
				MTL_ENABLE_DEBUG_INFO = NO;
				MTL_FAST_MATH = YES;
				SDKROOT = iphoneos;
				SWIFT_COMPILATION_MODE = wholemodule;
				SWIFT_OPTIMIZATION_LEVEL = "-O";
				VALIDATE_PRODUCT = YES;
			};
			name = Release;
		};
		A42E5BAE23B2E5D8002F58C0 /* Debug */ = {
			isa = XCBuildConfiguration;
			buildSettings = {
				ASSETCATALOG_COMPILER_APPICON_NAME = AppIcon;
				CODE_SIGN_STYLE = Automatic;
				DEVELOPMENT_TEAM = "";
				INFOPLIST_FILE = ARKitSample/Info.plist;
				LD_RUNPATH_SEARCH_PATHS = (
					"$(inherited)",
					"@executable_path/Frameworks",
				);
				PRODUCT_BUNDLE_IDENTIFIER = "Shunya-Yamada.ARKitSample";
				PRODUCT_NAME = "$(TARGET_NAME)";
				SWIFT_VERSION = 5.0;
				TARGETED_DEVICE_FAMILY = "1,2";
			};
			name = Debug;
		};
		A42E5BAF23B2E5D8002F58C0 /* Release */ = {
			isa = XCBuildConfiguration;
			buildSettings = {
				ASSETCATALOG_COMPILER_APPICON_NAME = AppIcon;
				CODE_SIGN_STYLE = Automatic;
				DEVELOPMENT_TEAM = "";
				INFOPLIST_FILE = ARKitSample/Info.plist;
				LD_RUNPATH_SEARCH_PATHS = (
					"$(inherited)",
					"@executable_path/Frameworks",
				);
				PRODUCT_BUNDLE_IDENTIFIER = "Shunya-Yamada.ARKitSample";
				PRODUCT_NAME = "$(TARGET_NAME)";
				SWIFT_VERSION = 5.0;
				TARGETED_DEVICE_FAMILY = "1,2";
			};
			name = Release;
		};
/* End XCBuildConfiguration section */

/* Begin XCConfigurationList section */
		A42E5B9423B2E5D3002F58C0 /* Build configuration list for PBXProject "ARKitSample" */ = {
			isa = XCConfigurationList;
			buildConfigurations = (
				A42E5BAB23B2E5D8002F58C0 /* Debug */,
				A42E5BAC23B2E5D8002F58C0 /* Release */,
			);
			defaultConfigurationIsVisible = 0;
			defaultConfigurationName = Release;
		};
		A42E5BAD23B2E5D8002F58C0 /* Build configuration list for PBXNativeTarget "ARKitSample" */ = {
			isa = XCConfigurationList;
			buildConfigurations = (
				A42E5BAE23B2E5D8002F58C0 /* Debug */,
				A42E5BAF23B2E5D8002F58C0 /* Release */,
			);
			defaultConfigurationIsVisible = 0;
			defaultConfigurationName = Release;
		};
/* End XCConfigurationList section */
	};
	rootObject = A42E5B9123B2E5D3002F58C0 /* Project object */;
}
